
Microsoft Visual Studio Solution File, Format Version 12.00
# Visual Studio 15
VisualStudioVersion = 15.0.27130.2036
MinimumVisualStudioVersion = 10.0.40219.1
Project("{9A19103F-16F7-4668-BE54-9A1E7A4F7556}") = "WebService", "WebService\WebService.csproj", "{DF0970FA-BE20-40E0-89BE-F9F48941A690}"
EndProject
Project("{FAE04EC0-301F-11D3-BF4B-00C04F79EFBC}") = "WebAPIUnitTests", "WebAPIUnitTests\WebAPIUnitTests.csproj", "{20311534-6A04-41C4-9AF6-F0B523816FF4}"
EndProject
Project("{FAE04EC0-301F-11D3-BF4B-00C04F79EFBC}") = "WebApiXUnitTests", "WebApiXUnitTests\WebApiXUnitTests.csproj", "{1B2CC727-B02C-4423-B3F8-75B9C960B228}"
EndProject
Global
	GlobalSection(SolutionConfigurationPlatforms) = preSolution
		Debug|Any CPU = Debug|Any CPU
		Release|Any CPU = Release|Any CPU
	EndGlobalSection
	GlobalSection(ProjectConfigurationPlatforms) = postSolution
		{DF0970FA-BE20-40E0-89BE-F9F48941A690}.Debug|Any CPU.ActiveCfg = Debug|Any CPU
		{DF0970FA-BE20-40E0-89BE-F9F48941A690}.Debug|Any CPU.Build.0 = Debug|Any CPU
		{DF0970FA-BE20-40E0-89BE-F9F48941A690}.Release|Any CPU.ActiveCfg = Release|Any CPU
		{DF0970FA-BE20-40E0-89BE-F9F48941A690}.Release|Any CPU.Build.0 = Release|Any CPU
		{20311534-6A04-41C4-9AF6-F0B523816FF4}.Debug|Any CPU.ActiveCfg = Debug|Any CPU
		{20311534-6A04-41C4-9AF6-F0B523816FF4}.Debug|Any CPU.Build.0 = Debug|Any CPU
		{20311534-6A04-41C4-9AF6-F0B523816FF4}.Release|Any CPU.ActiveCfg = Release|Any CPU
		{20311534-6A04-41C4-9AF6-F0B523816FF4}.Release|Any CPU.Build.0 = Release|Any CPU
		{1B2CC727-B02C-4423-B3F8-75B9C960B228}.Debug|Any CPU.ActiveCfg = Debug|Any CPU
		{1B2CC727-B02C-4423-B3F8-75B9C960B228}.Debug|Any CPU.Build.0 = Debug|Any CPU
		{1B2CC727-B02C-4423-B3F8-75B9C960B228}.Release|Any CPU.ActiveCfg = Release|Any CPU
		{1B2CC727-B02C-4423-B3F8-75B9C960B228}.Release|Any CPU.Build.0 = Release|Any CPU
	EndGlobalSection
	GlobalSection(SolutionProperties) = preSolution
		HideSolutionNode = FALSE
	EndGlobalSection
	GlobalSection(ExtensibilityGlobals) = postSolution
		SolutionGuid = {B9561D57-E806-43D7-8EB9-13E17ED876DA}
	EndGlobalSection
EndGlobal
