
Microsoft Visual Studio Solution File, Format Version 12.00

Project("{9A19103F-16F7-4668-BE54-9A1E7A4F7556}") = "WebService", "WebService\WebService.csproj", "{DF0970FA-BE20-40E0-89BE-F9F48941A690}"
EndProject
Project("{FAE04EC0-301F-11D3-BF4B-00C04F79EFBC}") = "WebService.Tests", "WebService.Tests\WebService.Tests.csproj", "{8E6A9E94-D150-4F39-8052-F3DC31150D12}"
EndProject

Global
	GlobalSection(SolutionConfigurationPlatforms) = preSolution
		Debug|Any CPU = Debug|Any CPU
		Release|Any CPU = Release|Any CPU
	EndGlobalSection
	GlobalSection(ProjectConfigurationPlatforms) = postSolution
		{DF0970FA-BE20-40E0-89BE-F9F48941A690}.Debug|Any CPU.ActiveCfg = Debug|Any CPU
		{DF0970FA-BE20-40E0-89BE-F9F48941A690}.Debug|Any CPU.Build.0 = Debug|Any CPU
		{DF0970FA-BE20-40E0-89BE-F9F48941A690}.Release|Any CPU.ActiveCfg = Release|Any CPU
		{DF0970FA-BE20-40E0-89BE-F9F48941A690}.Release|Any CPU.Build.0 = Release|Any CPU
		{8E6A9E94-D150-4F39-8052-F3DC31150D12}.Debug|Any CPU.ActiveCfg = Debug|Any CPU
		{8E6A9E94-D150-4F39-8052-F3DC31150D12}.Debug|Any CPU.Build.0 = Debug|Any CPU
		{8E6A9E94-D150-4F39-8052-F3DC31150D12}.Release|Any CPU.ActiveCfg = Release|Any CPU
		{8E6A9E94-D150-4F39-8052-F3DC31150D12}.Release|Any CPU.Build.0 = Release|Any CPU
	EndGlobalSection
EndGlobal
